
Microsoft Visual Studio Solution File, Format Version 12.00
# Visual Studio Version 17
VisualStudioVersion = 17.9.34701.34
MinimumVisualStudioVersion = 10.0.40219.1
Project("{FAE04EC0-301F-11D3-BF4B-00C04F79EFBC}") = "BitWarden JSON", "BitWarden JSON\BitWarden JSON.csproj", "{565EC935-7A0E-43CE-A8F3-8ED9D5B3058D}"
EndProject
Global
	GlobalSection(SolutionConfigurationPlatforms) = preSolution
		Debug|Any CPU = Debug|Any CPU
		Release|Any CPU = Release|Any CPU
	EndGlobalSection
	GlobalSection(ProjectConfigurationPlatforms) = postSolution
		{565EC935-7A0E-43CE-A8F3-8ED9D5B3058D}.Debug|Any CPU.ActiveCfg = Debug|Any CPU
		{565EC935-7A0E-43CE-A8F3-8ED9D5B3058D}.Debug|Any CPU.Build.0 = Debug|Any CPU
		{565EC935-7A0E-43CE-A8F3-8ED9D5B3058D}.Release|Any CPU.ActiveCfg = Release|Any CPU
		{565EC935-7A0E-43CE-A8F3-8ED9D5B3058D}.Release|Any CPU.Build.0 = Release|Any CPU
	EndGlobalSection
	GlobalSection(SolutionProperties) = preSolution
		HideSolutionNode = FALSE
	EndGlobalSection
	GlobalSection(ExtensibilityGlobals) = postSolution
		SolutionGuid = {48D5658B-A464-49BE-822A-CE2D53A67190}
	EndGlobalSection
EndGlobal
